// !$*UTF8*$!
{
	archiveVersion = 1;
	classes = {
	};
	objectVersion = 46;
	objects = {

/* Begin PBXBuildFile section */
		6AA8A50C1998ED5200BCB1CD /* Foundation.framework in Frameworks */ = {isa = PBXBuildFile; fileRef = 6AA8A50B1998ED5200BCB1CD /* Foundation.framework */; };
		6AA8A50E1998ED5200BCB1CD /* CoreGraphics.framework in Frameworks */ = {isa = PBXBuildFile; fileRef = 6AA8A50D1998ED5200BCB1CD /* CoreGraphics.framework */; };
		6AA8A5101998ED5200BCB1CD /* UIKit.framework in Frameworks */ = {isa = PBXBuildFile; fileRef = 6AA8A50F1998ED5200BCB1CD /* UIKit.framework */; };
		6AA8A5161998ED5200BCB1CD /* InfoPlist.strings in Resources */ = {isa = PBXBuildFile; fileRef = 6AA8A5141998ED5200BCB1CD /* InfoPlist.strings */; };
		6AA8A5181998ED5200BCB1CD /* main.m in Sources */ = {isa = PBXBuildFile; fileRef = 6AA8A5171998ED5200BCB1CD /* main.m */; };
		6AA8A51F1998ED5200BCB1CD /* Main.storyboard in Resources */ = {isa = PBXBuildFile; fileRef = 6AA8A51D1998ED5200BCB1CD /* Main.storyboard */; };
		6AA8A5241998ED5200BCB1CD /* Images.xcassets in Resources */ = {isa = PBXBuildFile; fileRef = 6AA8A5231998ED5200BCB1CD /* Images.xcassets */; };
		6AA8A52B1998ED5200BCB1CD /* XCTest.framework in Frameworks */ = {isa = PBXBuildFile; fileRef = 6AA8A52A1998ED5200BCB1CD /* XCTest.framework */; };
		6AA8A52C1998ED5200BCB1CD /* Foundation.framework in Frameworks */ = {isa = PBXBuildFile; fileRef = 6AA8A50B1998ED5200BCB1CD /* Foundation.framework */; };
		6AA8A52D1998ED5200BCB1CD /* UIKit.framework in Frameworks */ = {isa = PBXBuildFile; fileRef = 6AA8A50F1998ED5200BCB1CD /* UIKit.framework */; };
		6AA8A5351998ED5200BCB1CD /* InfoPlist.strings in Resources */ = {isa = PBXBuildFile; fileRef = 6AA8A5331998ED5200BCB1CD /* InfoPlist.strings */; };
		6AA8A5371998ED5200BCB1CD /* MickeyTests.m in Sources */ = {isa = PBXBuildFile; fileRef = 6AA8A5361998ED5200BCB1CD /* MickeyTests.m */; };
		6AA8A5451998EF0D00BCB1CD /* JNAppDelegate.mm in Sources */ = {isa = PBXBuildFile; fileRef = 6AA8A5421998EF0D00BCB1CD /* JNAppDelegate.mm */; };
		6AA8A5461998EF0D00BCB1CD /* JNViewController.mm in Sources */ = {isa = PBXBuildFile; fileRef = 6AA8A5441998EF0D00BCB1CD /* JNViewController.mm */; };
		6AA8A5491998F1CA00BCB1CD /* JNMickeyView.mm in Sources */ = {isa = PBXBuildFile; fileRef = 6AA8A5481998F1CA00BCB1CD /* JNMickeyView.mm */; };
		6AA8A54C1998FE3D00BCB1CD /* mickey.jpg in Resources */ = {isa = PBXBuildFile; fileRef = 6AA8A54B1998FE3D00BCB1CD /* mickey.jpg */; };
/* End PBXBuildFile section */

/* Begin PBXContainerItemProxy section */
		6AA8A52E1998ED5200BCB1CD /* PBXContainerItemProxy */ = {
			isa = PBXContainerItemProxy;
			containerPortal = 6AA8A5001998ED5200BCB1CD /* Project object */;
			proxyType = 1;
			remoteGlobalIDString = 6AA8A5071998ED5200BCB1CD;
			remoteInfo = Mickey;
		};
/* End PBXContainerItemProxy section */

/* Begin PBXFileReference section */
		6AA8A5081998ED5200BCB1CD /* Mickey.app */ = {isa = PBXFileReference; explicitFileType = wrapper.application; includeInIndex = 0; path = Mickey.app; sourceTree = BUILT_PRODUCTS_DIR; };
		6AA8A50B1998ED5200BCB1CD /* Foundation.framework */ = {isa = PBXFileReference; lastKnownFileType = wrapper.framework; name = Foundation.framework; path = System/Library/Frameworks/Foundation.framework; sourceTree = SDKROOT; };
		6AA8A50D1998ED5200BCB1CD /* CoreGraphics.framework */ = {isa = PBXFileReference; lastKnownFileType = wrapper.framework; name = CoreGraphics.framework; path = System/Library/Frameworks/CoreGraphics.framework; sourceTree = SDKROOT; };
		6AA8A50F1998ED5200BCB1CD /* UIKit.framework */ = {isa = PBXFileReference; lastKnownFileType = wrapper.framework; name = UIKit.framework; path = System/Library/Frameworks/UIKit.framework; sourceTree = SDKROOT; };
		6AA8A5131998ED5200BCB1CD /* Mickey-Info.plist */ = {isa = PBXFileReference; lastKnownFileType = text.plist.xml; path = "Mickey-Info.plist"; sourceTree = "<group>"; };
		6AA8A5151998ED5200BCB1CD /* en */ = {isa = PBXFileReference; lastKnownFileType = text.plist.strings; name = en; path = en.lproj/InfoPlist.strings; sourceTree = "<group>"; };
		6AA8A5171998ED5200BCB1CD /* main.m */ = {isa = PBXFileReference; lastKnownFileType = sourcecode.c.objc; path = main.m; sourceTree = "<group>"; };
		6AA8A5191998ED5200BCB1CD /* Mickey-Prefix.pch */ = {isa = PBXFileReference; lastKnownFileType = sourcecode.c.h; path = "Mickey-Prefix.pch"; sourceTree = "<group>"; };
		6AA8A51E1998ED5200BCB1CD /* Base */ = {isa = PBXFileReference; lastKnownFileType = file.storyboard; name = Base; path = Base.lproj/Main.storyboard; sourceTree = "<group>"; };
		6AA8A5231998ED5200BCB1CD /* Images.xcassets */ = {isa = PBXFileReference; lastKnownFileType = folder.assetcatalog; path = Images.xcassets; sourceTree = "<group>"; };
		6AA8A5291998ED5200BCB1CD /* MickeyTests.xctest */ = {isa = PBXFileReference; explicitFileType = wrapper.cfbundle; includeInIndex = 0; path = MickeyTests.xctest; sourceTree = BUILT_PRODUCTS_DIR; };
		6AA8A52A1998ED5200BCB1CD /* XCTest.framework */ = {isa = PBXFileReference; lastKnownFileType = wrapper.framework; name = XCTest.framework; path = Library/Frameworks/XCTest.framework; sourceTree = DEVELOPER_DIR; };
		6AA8A5321998ED5200BCB1CD /* MickeyTests-Info.plist */ = {isa = PBXFileReference; lastKnownFileType = text.plist.xml; path = "MickeyTests-Info.plist"; sourceTree = "<group>"; };
		6AA8A5341998ED5200BCB1CD /* en */ = {isa = PBXFileReference; lastKnownFileType = text.plist.strings; name = en; path = en.lproj/InfoPlist.strings; sourceTree = "<group>"; };
		6AA8A5361998ED5200BCB1CD /* MickeyTests.m */ = {isa = PBXFileReference; lastKnownFileType = sourcecode.c.objc; path = MickeyTests.m; sourceTree = "<group>"; };
		6AA8A5411998EF0D00BCB1CD /* JNAppDelegate.h */ = {isa = PBXFileReference; fileEncoding = 4; lastKnownFileType = sourcecode.c.h; name = JNAppDelegate.h; path = modules/JNAppDelegate.h; sourceTree = "<group>"; };
		6AA8A5421998EF0D00BCB1CD /* JNAppDelegate.mm */ = {isa = PBXFileReference; fileEncoding = 4; lastKnownFileType = sourcecode.cpp.objcpp; name = JNAppDelegate.mm; path = modules/JNAppDelegate.mm; sourceTree = "<group>"; };
		6AA8A5431998EF0D00BCB1CD /* JNViewController.h */ = {isa = PBXFileReference; fileEncoding = 4; lastKnownFileType = sourcecode.c.h; name = JNViewController.h; path = modules/JNViewController.h; sourceTree = "<group>"; };
		6AA8A5441998EF0D00BCB1CD /* JNViewController.mm */ = {isa = PBXFileReference; fileEncoding = 4; lastKnownFileType = sourcecode.cpp.objcpp; name = JNViewController.mm; path = modules/JNViewController.mm; sourceTree = "<group>"; };
		6AA8A5471998F1CA00BCB1CD /* JNMickeyView.h */ = {isa = PBXFileReference; fileEncoding = 4; lastKnownFileType = sourcecode.c.h; name = JNMickeyView.h; path = modules/JNMickeyView.h; sourceTree = "<group>"; };
		6AA8A5481998F1CA00BCB1CD /* JNMickeyView.mm */ = {isa = PBXFileReference; fileEncoding = 4; lastKnownFileType = sourcecode.cpp.objcpp; name = JNMickeyView.mm; path = modules/JNMickeyView.mm; sourceTree = "<group>"; };
		6AA8A54B1998FE3D00BCB1CD /* mickey.jpg */ = {isa = PBXFileReference; lastKnownFileType = image.jpeg; name = mickey.jpg; path = resources/mickey.jpg; sourceTree = "<group>"; };
/* End PBXFileReference section */

/* Begin PBXFrameworksBuildPhase section */
		6AA8A5051998ED5200BCB1CD /* Frameworks */ = {
			isa = PBXFrameworksBuildPhase;
			buildActionMask = 2147483647;
			files = (
				6AA8A50E1998ED5200BCB1CD /* CoreGraphics.framework in Frameworks */,
				6AA8A5101998ED5200BCB1CD /* UIKit.framework in Frameworks */,
				6AA8A50C1998ED5200BCB1CD /* Foundation.framework in Frameworks */,
			);
			runOnlyForDeploymentPostprocessing = 0;
		};
		6AA8A5261998ED5200BCB1CD /* Frameworks */ = {
			isa = PBXFrameworksBuildPhase;
			buildActionMask = 2147483647;
			files = (
				6AA8A52B1998ED5200BCB1CD /* XCTest.framework in Frameworks */,
				6AA8A52D1998ED5200BCB1CD /* UIKit.framework in Frameworks */,
				6AA8A52C1998ED5200BCB1CD /* Foundation.framework in Frameworks */,
			);
			runOnlyForDeploymentPostprocessing = 0;
		};
/* End PBXFrameworksBuildPhase section */

/* Begin PBXGroup section */
		6AA8A4FF1998ED5200BCB1CD = {
			isa = PBXGroup;
			children = (
				6AA8A5111998ED5200BCB1CD /* Mickey */,
				6AA8A5301998ED5200BCB1CD /* MickeyTests */,
				6AA8A50A1998ED5200BCB1CD /* Frameworks */,
				6AA8A5091998ED5200BCB1CD /* Products */,
			);
			sourceTree = "<group>";
		};
		6AA8A5091998ED5200BCB1CD /* Products */ = {
			isa = PBXGroup;
			children = (
				6AA8A5081998ED5200BCB1CD /* Mickey.app */,
				6AA8A5291998ED5200BCB1CD /* MickeyTests.xctest */,
			);
			name = Products;
			sourceTree = "<group>";
		};
		6AA8A50A1998ED5200BCB1CD /* Frameworks */ = {
			isa = PBXGroup;
			children = (
				6AA8A50B1998ED5200BCB1CD /* Foundation.framework */,
				6AA8A50D1998ED5200BCB1CD /* CoreGraphics.framework */,
				6AA8A50F1998ED5200BCB1CD /* UIKit.framework */,
				6AA8A52A1998ED5200BCB1CD /* XCTest.framework */,
			);
			name = Frameworks;
			sourceTree = "<group>";
		};
		6AA8A5111998ED5200BCB1CD /* Mickey */ = {
			isa = PBXGroup;
			children = (
				6AA8A5401998EF0000BCB1CD /* modules */,
				6AA8A54A1998FE2A00BCB1CD /* resources */,
				6AA8A51D1998ED5200BCB1CD /* Main.storyboard */,
				6AA8A5231998ED5200BCB1CD /* Images.xcassets */,
				6AA8A5121998ED5200BCB1CD /* Supporting Files */,
			);
			path = Mickey;
			sourceTree = "<group>";
		};
		6AA8A5121998ED5200BCB1CD /* Supporting Files */ = {
			isa = PBXGroup;
			children = (
				6AA8A5131998ED5200BCB1CD /* Mickey-Info.plist */,
				6AA8A5141998ED5200BCB1CD /* InfoPlist.strings */,
				6AA8A5171998ED5200BCB1CD /* main.m */,
				6AA8A5191998ED5200BCB1CD /* Mickey-Prefix.pch */,
			);
			name = "Supporting Files";
			sourceTree = "<group>";
		};
		6AA8A5301998ED5200BCB1CD /* MickeyTests */ = {
			isa = PBXGroup;
			children = (
				6AA8A5361998ED5200BCB1CD /* MickeyTests.m */,
				6AA8A5311998ED5200BCB1CD /* Supporting Files */,
			);
			path = MickeyTests;
			sourceTree = "<group>";
		};
		6AA8A5311998ED5200BCB1CD /* Supporting Files */ = {
			isa = PBXGroup;
			children = (
				6AA8A5321998ED5200BCB1CD /* MickeyTests-Info.plist */,
				6AA8A5331998ED5200BCB1CD /* InfoPlist.strings */,
			);
			name = "Supporting Files";
			sourceTree = "<group>";
		};
		6AA8A5401998EF0000BCB1CD /* modules */ = {
			isa = PBXGroup;
			children = (
				6AA8A5411998EF0D00BCB1CD /* JNAppDelegate.h */,
				6AA8A5421998EF0D00BCB1CD /* JNAppDelegate.mm */,
				6AA8A5431998EF0D00BCB1CD /* JNViewController.h */,
				6AA8A5441998EF0D00BCB1CD /* JNViewController.mm */,
<<<<<<< HEAD
				6AA8A5471998F1CA00BCB1CD /* JNMickeyView.h */,
				6AA8A5481998F1CA00BCB1CD /* JNMickeyView.mm */,
=======
>>>>>>> 874a8847c5fa1fb0190575ba74d533bb5f369453
			);
			name = modules;
			sourceTree = "<group>";
		};
		6AA8A54A1998FE2A00BCB1CD /* resources */ = {
			isa = PBXGroup;
			children = (
				6AA8A54B1998FE3D00BCB1CD /* mickey.jpg */,
			);
			name = resources;
			sourceTree = "<group>";
		};
/* End PBXGroup section */

/* Begin PBXNativeTarget section */
		6AA8A5071998ED5200BCB1CD /* Mickey */ = {
			isa = PBXNativeTarget;
			buildConfigurationList = 6AA8A53A1998ED5200BCB1CD /* Build configuration list for PBXNativeTarget "Mickey" */;
			buildPhases = (
				6AA8A5041998ED5200BCB1CD /* Sources */,
				6AA8A5051998ED5200BCB1CD /* Frameworks */,
				6AA8A5061998ED5200BCB1CD /* Resources */,
			);
			buildRules = (
			);
			dependencies = (
			);
			name = Mickey;
			productName = Mickey;
			productReference = 6AA8A5081998ED5200BCB1CD /* Mickey.app */;
			productType = "com.apple.product-type.application";
		};
		6AA8A5281998ED5200BCB1CD /* MickeyTests */ = {
			isa = PBXNativeTarget;
			buildConfigurationList = 6AA8A53D1998ED5200BCB1CD /* Build configuration list for PBXNativeTarget "MickeyTests" */;
			buildPhases = (
				6AA8A5251998ED5200BCB1CD /* Sources */,
				6AA8A5261998ED5200BCB1CD /* Frameworks */,
				6AA8A5271998ED5200BCB1CD /* Resources */,
			);
			buildRules = (
			);
			dependencies = (
				6AA8A52F1998ED5200BCB1CD /* PBXTargetDependency */,
			);
			name = MickeyTests;
			productName = MickeyTests;
			productReference = 6AA8A5291998ED5200BCB1CD /* MickeyTests.xctest */;
			productType = "com.apple.product-type.bundle.unit-test";
		};
/* End PBXNativeTarget section */

/* Begin PBXProject section */
		6AA8A5001998ED5200BCB1CD /* Project object */ = {
			isa = PBXProject;
			attributes = {
				CLASSPREFIX = JN;
				LastUpgradeCheck = 0510;
				ORGANIZATIONNAME = "___FULLUSERNAME___";
				TargetAttributes = {
					6AA8A5281998ED5200BCB1CD = {
						TestTargetID = 6AA8A5071998ED5200BCB1CD;
					};
				};
			};
			buildConfigurationList = 6AA8A5031998ED5200BCB1CD /* Build configuration list for PBXProject "Mickey" */;
			compatibilityVersion = "Xcode 3.2";
			developmentRegion = English;
			hasScannedForEncodings = 0;
			knownRegions = (
				en,
				Base,
			);
			mainGroup = 6AA8A4FF1998ED5200BCB1CD;
			productRefGroup = 6AA8A5091998ED5200BCB1CD /* Products */;
			projectDirPath = "";
			projectRoot = "";
			targets = (
				6AA8A5071998ED5200BCB1CD /* Mickey */,
				6AA8A5281998ED5200BCB1CD /* MickeyTests */,
			);
		};
/* End PBXProject section */

/* Begin PBXResourcesBuildPhase section */
		6AA8A5061998ED5200BCB1CD /* Resources */ = {
			isa = PBXResourcesBuildPhase;
			buildActionMask = 2147483647;
			files = (
				6AA8A5241998ED5200BCB1CD /* Images.xcassets in Resources */,
				6AA8A5161998ED5200BCB1CD /* InfoPlist.strings in Resources */,
				6AA8A51F1998ED5200BCB1CD /* Main.storyboard in Resources */,
				6AA8A54C1998FE3D00BCB1CD /* mickey.jpg in Resources */,
			);
			runOnlyForDeploymentPostprocessing = 0;
		};
		6AA8A5271998ED5200BCB1CD /* Resources */ = {
			isa = PBXResourcesBuildPhase;
			buildActionMask = 2147483647;
			files = (
				6AA8A5351998ED5200BCB1CD /* InfoPlist.strings in Resources */,
			);
			runOnlyForDeploymentPostprocessing = 0;
		};
/* End PBXResourcesBuildPhase section */

/* Begin PBXSourcesBuildPhase section */
		6AA8A5041998ED5200BCB1CD /* Sources */ = {
			isa = PBXSourcesBuildPhase;
			buildActionMask = 2147483647;
			files = (
				6AA8A5491998F1CA00BCB1CD /* JNMickeyView.mm in Sources */,
				6AA8A5451998EF0D00BCB1CD /* JNAppDelegate.mm in Sources */,
				6AA8A5461998EF0D00BCB1CD /* JNViewController.mm in Sources */,
				6AA8A5181998ED5200BCB1CD /* main.m in Sources */,
			);
			runOnlyForDeploymentPostprocessing = 0;
		};
		6AA8A5251998ED5200BCB1CD /* Sources */ = {
			isa = PBXSourcesBuildPhase;
			buildActionMask = 2147483647;
			files = (
				6AA8A5371998ED5200BCB1CD /* MickeyTests.m in Sources */,
			);
			runOnlyForDeploymentPostprocessing = 0;
		};
/* End PBXSourcesBuildPhase section */

/* Begin PBXTargetDependency section */
		6AA8A52F1998ED5200BCB1CD /* PBXTargetDependency */ = {
			isa = PBXTargetDependency;
			target = 6AA8A5071998ED5200BCB1CD /* Mickey */;
			targetProxy = 6AA8A52E1998ED5200BCB1CD /* PBXContainerItemProxy */;
		};
/* End PBXTargetDependency section */

/* Begin PBXVariantGroup section */
		6AA8A5141998ED5200BCB1CD /* InfoPlist.strings */ = {
			isa = PBXVariantGroup;
			children = (
				6AA8A5151998ED5200BCB1CD /* en */,
			);
			name = InfoPlist.strings;
			sourceTree = "<group>";
		};
		6AA8A51D1998ED5200BCB1CD /* Main.storyboard */ = {
			isa = PBXVariantGroup;
			children = (
				6AA8A51E1998ED5200BCB1CD /* Base */,
			);
			name = Main.storyboard;
			sourceTree = "<group>";
		};
		6AA8A5331998ED5200BCB1CD /* InfoPlist.strings */ = {
			isa = PBXVariantGroup;
			children = (
				6AA8A5341998ED5200BCB1CD /* en */,
			);
			name = InfoPlist.strings;
			sourceTree = "<group>";
		};
/* End PBXVariantGroup section */

/* Begin XCBuildConfiguration section */
		6AA8A5381998ED5200BCB1CD /* Debug */ = {
			isa = XCBuildConfiguration;
			buildSettings = {
				ALWAYS_SEARCH_USER_PATHS = NO;
				CLANG_CXX_LANGUAGE_STANDARD = "gnu++0x";
				CLANG_CXX_LIBRARY = "libc++";
				CLANG_ENABLE_MODULES = YES;
				CLANG_ENABLE_OBJC_ARC = YES;
				CLANG_WARN_BOOL_CONVERSION = YES;
				CLANG_WARN_CONSTANT_CONVERSION = YES;
				CLANG_WARN_DIRECT_OBJC_ISA_USAGE = YES_ERROR;
				CLANG_WARN_EMPTY_BODY = YES;
				CLANG_WARN_ENUM_CONVERSION = YES;
				CLANG_WARN_INT_CONVERSION = YES;
				CLANG_WARN_OBJC_ROOT_CLASS = YES_ERROR;
				CLANG_WARN__DUPLICATE_METHOD_MATCH = YES;
				"CODE_SIGN_IDENTITY[sdk=iphoneos*]" = "iPhone Developer";
				COPY_PHASE_STRIP = NO;
				GCC_C_LANGUAGE_STANDARD = gnu99;
				GCC_DYNAMIC_NO_PIC = NO;
				GCC_OPTIMIZATION_LEVEL = 0;
				GCC_PREPROCESSOR_DEFINITIONS = (
					"DEBUG=1",
					"$(inherited)",
				);
				GCC_SYMBOLS_PRIVATE_EXTERN = NO;
				GCC_WARN_64_TO_32_BIT_CONVERSION = YES;
				GCC_WARN_ABOUT_RETURN_TYPE = YES_ERROR;
				GCC_WARN_UNDECLARED_SELECTOR = YES;
				GCC_WARN_UNINITIALIZED_AUTOS = YES_AGGRESSIVE;
				GCC_WARN_UNUSED_FUNCTION = YES;
				GCC_WARN_UNUSED_VARIABLE = YES;
				IPHONEOS_DEPLOYMENT_TARGET = 7.1;
				ONLY_ACTIVE_ARCH = YES;
				SDKROOT = iphoneos;
			};
			name = Debug;
		};
		6AA8A5391998ED5200BCB1CD /* Release */ = {
			isa = XCBuildConfiguration;
			buildSettings = {
				ALWAYS_SEARCH_USER_PATHS = NO;
				CLANG_CXX_LANGUAGE_STANDARD = "gnu++0x";
				CLANG_CXX_LIBRARY = "libc++";
				CLANG_ENABLE_MODULES = YES;
				CLANG_ENABLE_OBJC_ARC = YES;
				CLANG_WARN_BOOL_CONVERSION = YES;
				CLANG_WARN_CONSTANT_CONVERSION = YES;
				CLANG_WARN_DIRECT_OBJC_ISA_USAGE = YES_ERROR;
				CLANG_WARN_EMPTY_BODY = YES;
				CLANG_WARN_ENUM_CONVERSION = YES;
				CLANG_WARN_INT_CONVERSION = YES;
				CLANG_WARN_OBJC_ROOT_CLASS = YES_ERROR;
				CLANG_WARN__DUPLICATE_METHOD_MATCH = YES;
				"CODE_SIGN_IDENTITY[sdk=iphoneos*]" = "iPhone Developer";
				COPY_PHASE_STRIP = YES;
				ENABLE_NS_ASSERTIONS = NO;
				GCC_C_LANGUAGE_STANDARD = gnu99;
				GCC_WARN_64_TO_32_BIT_CONVERSION = YES;
				GCC_WARN_ABOUT_RETURN_TYPE = YES_ERROR;
				GCC_WARN_UNDECLARED_SELECTOR = YES;
				GCC_WARN_UNINITIALIZED_AUTOS = YES_AGGRESSIVE;
				GCC_WARN_UNUSED_FUNCTION = YES;
				GCC_WARN_UNUSED_VARIABLE = YES;
				IPHONEOS_DEPLOYMENT_TARGET = 7.1;
				SDKROOT = iphoneos;
				VALIDATE_PRODUCT = YES;
			};
			name = Release;
		};
		6AA8A53B1998ED5200BCB1CD /* Debug */ = {
			isa = XCBuildConfiguration;
			buildSettings = {
				ASSETCATALOG_COMPILER_APPICON_NAME = AppIcon;
				ASSETCATALOG_COMPILER_LAUNCHIMAGE_NAME = LaunchImage;
				GCC_PRECOMPILE_PREFIX_HEADER = YES;
				GCC_PREFIX_HEADER = "Mickey/Mickey-Prefix.pch";
				INFOPLIST_FILE = "Mickey/Mickey-Info.plist";
				PRODUCT_NAME = "$(TARGET_NAME)";
				PROVISIONING_PROFILE = "E7E5FFFC-68DB-4352-B495-EC97B8EC704C";
				WRAPPER_EXTENSION = app;
			};
			name = Debug;
		};
		6AA8A53C1998ED5200BCB1CD /* Release */ = {
			isa = XCBuildConfiguration;
			buildSettings = {
				ASSETCATALOG_COMPILER_APPICON_NAME = AppIcon;
				ASSETCATALOG_COMPILER_LAUNCHIMAGE_NAME = LaunchImage;
				GCC_PRECOMPILE_PREFIX_HEADER = YES;
				GCC_PREFIX_HEADER = "Mickey/Mickey-Prefix.pch";
				INFOPLIST_FILE = "Mickey/Mickey-Info.plist";
				PRODUCT_NAME = "$(TARGET_NAME)";
				PROVISIONING_PROFILE = "E7E5FFFC-68DB-4352-B495-EC97B8EC704C";
				WRAPPER_EXTENSION = app;
			};
			name = Release;
		};
		6AA8A53E1998ED5200BCB1CD /* Debug */ = {
			isa = XCBuildConfiguration;
			buildSettings = {
				BUNDLE_LOADER = "$(BUILT_PRODUCTS_DIR)/Mickey.app/Mickey";
				FRAMEWORK_SEARCH_PATHS = (
					"$(SDKROOT)/Developer/Library/Frameworks",
					"$(inherited)",
					"$(DEVELOPER_FRAMEWORKS_DIR)",
				);
				GCC_PRECOMPILE_PREFIX_HEADER = YES;
				GCC_PREFIX_HEADER = "Mickey/Mickey-Prefix.pch";
				GCC_PREPROCESSOR_DEFINITIONS = (
					"DEBUG=1",
					"$(inherited)",
				);
				INFOPLIST_FILE = "MickeyTests/MickeyTests-Info.plist";
				PRODUCT_NAME = "$(TARGET_NAME)";
				TEST_HOST = "$(BUNDLE_LOADER)";
				WRAPPER_EXTENSION = xctest;
			};
			name = Debug;
		};
		6AA8A53F1998ED5200BCB1CD /* Release */ = {
			isa = XCBuildConfiguration;
			buildSettings = {
				BUNDLE_LOADER = "$(BUILT_PRODUCTS_DIR)/Mickey.app/Mickey";
				FRAMEWORK_SEARCH_PATHS = (
					"$(SDKROOT)/Developer/Library/Frameworks",
					"$(inherited)",
					"$(DEVELOPER_FRAMEWORKS_DIR)",
				);
				GCC_PRECOMPILE_PREFIX_HEADER = YES;
				GCC_PREFIX_HEADER = "Mickey/Mickey-Prefix.pch";
				INFOPLIST_FILE = "MickeyTests/MickeyTests-Info.plist";
				PRODUCT_NAME = "$(TARGET_NAME)";
				TEST_HOST = "$(BUNDLE_LOADER)";
				WRAPPER_EXTENSION = xctest;
			};
			name = Release;
		};
/* End XCBuildConfiguration section */

/* Begin XCConfigurationList section */
		6AA8A5031998ED5200BCB1CD /* Build configuration list for PBXProject "Mickey" */ = {
			isa = XCConfigurationList;
			buildConfigurations = (
				6AA8A5381998ED5200BCB1CD /* Debug */,
				6AA8A5391998ED5200BCB1CD /* Release */,
			);
			defaultConfigurationIsVisible = 0;
			defaultConfigurationName = Release;
		};
		6AA8A53A1998ED5200BCB1CD /* Build configuration list for PBXNativeTarget "Mickey" */ = {
			isa = XCConfigurationList;
			buildConfigurations = (
				6AA8A53B1998ED5200BCB1CD /* Debug */,
				6AA8A53C1998ED5200BCB1CD /* Release */,
			);
			defaultConfigurationIsVisible = 0;
		};
		6AA8A53D1998ED5200BCB1CD /* Build configuration list for PBXNativeTarget "MickeyTests" */ = {
			isa = XCConfigurationList;
			buildConfigurations = (
				6AA8A53E1998ED5200BCB1CD /* Debug */,
				6AA8A53F1998ED5200BCB1CD /* Release */,
			);
			defaultConfigurationIsVisible = 0;
		};
/* End XCConfigurationList section */
	};
	rootObject = 6AA8A5001998ED5200BCB1CD /* Project object */;
}
