// !$*UTF8*$!
{
	archiveVersion = 1;
	classes = {
	};
	objectVersion = 46;
	objects = {

/* Begin PBXBuildFile section */
		6A771B901999130600A3363B /* Foundation.framework in Frameworks */ = {isa = PBXBuildFile; fileRef = 6A771B8F1999130600A3363B /* Foundation.framework */; };
		6A771B921999130600A3363B /* CoreGraphics.framework in Frameworks */ = {isa = PBXBuildFile; fileRef = 6A771B911999130600A3363B /* CoreGraphics.framework */; };
		6A771B941999130600A3363B /* UIKit.framework in Frameworks */ = {isa = PBXBuildFile; fileRef = 6A771B931999130600A3363B /* UIKit.framework */; };
		6A771B9A1999130600A3363B /* InfoPlist.strings in Resources */ = {isa = PBXBuildFile; fileRef = 6A771B981999130600A3363B /* InfoPlist.strings */; };
		6A771B9C1999130600A3363B /* main.m in Sources */ = {isa = PBXBuildFile; fileRef = 6A771B9B1999130600A3363B /* main.m */; };
		6A771BA31999130600A3363B /* Main.storyboard in Resources */ = {isa = PBXBuildFile; fileRef = 6A771BA11999130600A3363B /* Main.storyboard */; };
		6A771BA81999130600A3363B /* Images.xcassets in Resources */ = {isa = PBXBuildFile; fileRef = 6A771BA71999130600A3363B /* Images.xcassets */; };
		6A771BAF1999130600A3363B /* XCTest.framework in Frameworks */ = {isa = PBXBuildFile; fileRef = 6A771BAE1999130600A3363B /* XCTest.framework */; };
		6A771BB01999130600A3363B /* Foundation.framework in Frameworks */ = {isa = PBXBuildFile; fileRef = 6A771B8F1999130600A3363B /* Foundation.framework */; };
		6A771BB11999130600A3363B /* UIKit.framework in Frameworks */ = {isa = PBXBuildFile; fileRef = 6A771B931999130600A3363B /* UIKit.framework */; };
		6A771BB91999130600A3363B /* InfoPlist.strings in Resources */ = {isa = PBXBuildFile; fileRef = 6A771BB71999130600A3363B /* InfoPlist.strings */; };
		6A771BBB1999130600A3363B /* OpenGLSampleTests.m in Sources */ = {isa = PBXBuildFile; fileRef = 6A771BBA1999130600A3363B /* OpenGLSampleTests.m */; };
		6A771BC91999138900A3363B /* JNAppDelegate.mm in Sources */ = {isa = PBXBuildFile; fileRef = 6A771BC61999138900A3363B /* JNAppDelegate.mm */; };
		6A771BCA1999138900A3363B /* JNViewController.mm in Sources */ = {isa = PBXBuildFile; fileRef = 6A771BC81999138900A3363B /* JNViewController.mm */; };
/* End PBXBuildFile section */

/* Begin PBXContainerItemProxy section */
		6A771BB21999130600A3363B /* PBXContainerItemProxy */ = {
			isa = PBXContainerItemProxy;
			containerPortal = 6A771B841999130600A3363B /* Project object */;
			proxyType = 1;
			remoteGlobalIDString = 6A771B8B1999130600A3363B;
			remoteInfo = OpenGLSample;
		};
/* End PBXContainerItemProxy section */

/* Begin PBXFileReference section */
		6A771B8C1999130600A3363B /* OpenGLSample.app */ = {isa = PBXFileReference; explicitFileType = wrapper.application; includeInIndex = 0; path = OpenGLSample.app; sourceTree = BUILT_PRODUCTS_DIR; };
		6A771B8F1999130600A3363B /* Foundation.framework */ = {isa = PBXFileReference; lastKnownFileType = wrapper.framework; name = Foundation.framework; path = System/Library/Frameworks/Foundation.framework; sourceTree = SDKROOT; };
		6A771B911999130600A3363B /* CoreGraphics.framework */ = {isa = PBXFileReference; lastKnownFileType = wrapper.framework; name = CoreGraphics.framework; path = System/Library/Frameworks/CoreGraphics.framework; sourceTree = SDKROOT; };
		6A771B931999130600A3363B /* UIKit.framework */ = {isa = PBXFileReference; lastKnownFileType = wrapper.framework; name = UIKit.framework; path = System/Library/Frameworks/UIKit.framework; sourceTree = SDKROOT; };
		6A771B971999130600A3363B /* OpenGLSample-Info.plist */ = {isa = PBXFileReference; lastKnownFileType = text.plist.xml; path = "OpenGLSample-Info.plist"; sourceTree = "<group>"; };
		6A771B991999130600A3363B /* en */ = {isa = PBXFileReference; lastKnownFileType = text.plist.strings; name = en; path = en.lproj/InfoPlist.strings; sourceTree = "<group>"; };
		6A771B9B1999130600A3363B /* main.m */ = {isa = PBXFileReference; lastKnownFileType = sourcecode.c.objc; path = main.m; sourceTree = "<group>"; };
		6A771B9D1999130600A3363B /* OpenGLSample-Prefix.pch */ = {isa = PBXFileReference; lastKnownFileType = sourcecode.c.h; path = "OpenGLSample-Prefix.pch"; sourceTree = "<group>"; };
		6A771BA21999130600A3363B /* Base */ = {isa = PBXFileReference; lastKnownFileType = file.storyboard; name = Base; path = Base.lproj/Main.storyboard; sourceTree = "<group>"; };
		6A771BA71999130600A3363B /* Images.xcassets */ = {isa = PBXFileReference; lastKnownFileType = folder.assetcatalog; path = Images.xcassets; sourceTree = "<group>"; };
		6A771BAD1999130600A3363B /* OpenGLSampleTests.xctest */ = {isa = PBXFileReference; explicitFileType = wrapper.cfbundle; includeInIndex = 0; path = OpenGLSampleTests.xctest; sourceTree = BUILT_PRODUCTS_DIR; };
		6A771BAE1999130600A3363B /* XCTest.framework */ = {isa = PBXFileReference; lastKnownFileType = wrapper.framework; name = XCTest.framework; path = Library/Frameworks/XCTest.framework; sourceTree = DEVELOPER_DIR; };
		6A771BB61999130600A3363B /* OpenGLSampleTests-Info.plist */ = {isa = PBXFileReference; lastKnownFileType = text.plist.xml; path = "OpenGLSampleTests-Info.plist"; sourceTree = "<group>"; };
		6A771BB81999130600A3363B /* en */ = {isa = PBXFileReference; lastKnownFileType = text.plist.strings; name = en; path = en.lproj/InfoPlist.strings; sourceTree = "<group>"; };
		6A771BBA1999130600A3363B /* OpenGLSampleTests.m */ = {isa = PBXFileReference; lastKnownFileType = sourcecode.c.objc; path = OpenGLSampleTests.m; sourceTree = "<group>"; };
		6A771BC51999138900A3363B /* JNAppDelegate.h */ = {isa = PBXFileReference; fileEncoding = 4; lastKnownFileType = sourcecode.c.h; name = JNAppDelegate.h; path = modules/JNAppDelegate.h; sourceTree = "<group>"; };
		6A771BC61999138900A3363B /* JNAppDelegate.mm */ = {isa = PBXFileReference; fileEncoding = 4; lastKnownFileType = sourcecode.cpp.objcpp; name = JNAppDelegate.mm; path = modules/JNAppDelegate.mm; sourceTree = "<group>"; };
		6A771BC71999138900A3363B /* JNViewController.h */ = {isa = PBXFileReference; fileEncoding = 4; lastKnownFileType = sourcecode.c.h; name = JNViewController.h; path = modules/JNViewController.h; sourceTree = "<group>"; };
		6A771BC81999138900A3363B /* JNViewController.mm */ = {isa = PBXFileReference; fileEncoding = 4; lastKnownFileType = sourcecode.cpp.objcpp; name = JNViewController.mm; path = modules/JNViewController.mm; sourceTree = "<group>"; };
/* End PBXFileReference section */

/* Begin PBXFrameworksBuildPhase section */
		6A771B891999130600A3363B /* Frameworks */ = {
			isa = PBXFrameworksBuildPhase;
			buildActionMask = 2147483647;
			files = (
				6A771B921999130600A3363B /* CoreGraphics.framework in Frameworks */,
				6A771B941999130600A3363B /* UIKit.framework in Frameworks */,
				6A771B901999130600A3363B /* Foundation.framework in Frameworks */,
			);
			runOnlyForDeploymentPostprocessing = 0;
		};
		6A771BAA1999130600A3363B /* Frameworks */ = {
			isa = PBXFrameworksBuildPhase;
			buildActionMask = 2147483647;
			files = (
				6A771BAF1999130600A3363B /* XCTest.framework in Frameworks */,
				6A771BB11999130600A3363B /* UIKit.framework in Frameworks */,
				6A771BB01999130600A3363B /* Foundation.framework in Frameworks */,
			);
			runOnlyForDeploymentPostprocessing = 0;
		};
/* End PBXFrameworksBuildPhase section */

/* Begin PBXGroup section */
		6A771B831999130600A3363B = {
			isa = PBXGroup;
			children = (
				6A771B951999130600A3363B /* OpenGLSample */,
				6A771BB41999130600A3363B /* OpenGLSampleTests */,
				6A771B8E1999130600A3363B /* Frameworks */,
				6A771B8D1999130600A3363B /* Products */,
			);
			sourceTree = "<group>";
		};
		6A771B8D1999130600A3363B /* Products */ = {
			isa = PBXGroup;
			children = (
				6A771B8C1999130600A3363B /* OpenGLSample.app */,
				6A771BAD1999130600A3363B /* OpenGLSampleTests.xctest */,
			);
			name = Products;
			sourceTree = "<group>";
		};
		6A771B8E1999130600A3363B /* Frameworks */ = {
			isa = PBXGroup;
			children = (
				6A771B8F1999130600A3363B /* Foundation.framework */,
				6A771B911999130600A3363B /* CoreGraphics.framework */,
				6A771B931999130600A3363B /* UIKit.framework */,
				6A771BAE1999130600A3363B /* XCTest.framework */,
			);
			name = Frameworks;
			sourceTree = "<group>";
		};
		6A771B951999130600A3363B /* OpenGLSample */ = {
			isa = PBXGroup;
			children = (
				6A771BC41999137F00A3363B /* modules */,
				6A771BA11999130600A3363B /* Main.storyboard */,
				6A771BA71999130600A3363B /* Images.xcassets */,
				6A771B961999130600A3363B /* Supporting Files */,
			);
			path = OpenGLSample;
			sourceTree = "<group>";
		};
		6A771B961999130600A3363B /* Supporting Files */ = {
			isa = PBXGroup;
			children = (
				6A771B971999130600A3363B /* OpenGLSample-Info.plist */,
				6A771B981999130600A3363B /* InfoPlist.strings */,
				6A771B9B1999130600A3363B /* main.m */,
				6A771B9D1999130600A3363B /* OpenGLSample-Prefix.pch */,
			);
			name = "Supporting Files";
			sourceTree = "<group>";
		};
		6A771BB41999130600A3363B /* OpenGLSampleTests */ = {
			isa = PBXGroup;
			children = (
				6A771BBA1999130600A3363B /* OpenGLSampleTests.m */,
				6A771BB51999130600A3363B /* Supporting Files */,
			);
			path = OpenGLSampleTests;
			sourceTree = "<group>";
		};
		6A771BB51999130600A3363B /* Supporting Files */ = {
			isa = PBXGroup;
			children = (
				6A771BB61999130600A3363B /* OpenGLSampleTests-Info.plist */,
				6A771BB71999130600A3363B /* InfoPlist.strings */,
			);
			name = "Supporting Files";
			sourceTree = "<group>";
		};
		6A771BC41999137F00A3363B /* modules */ = {
			isa = PBXGroup;
			children = (
				6A771BC51999138900A3363B /* JNAppDelegate.h */,
				6A771BC61999138900A3363B /* JNAppDelegate.mm */,
				6A771BC71999138900A3363B /* JNViewController.h */,
				6A771BC81999138900A3363B /* JNViewController.mm */,
			);
			name = modules;
			sourceTree = "<group>";
		};
/* End PBXGroup section */

/* Begin PBXNativeTarget section */
		6A771B8B1999130600A3363B /* OpenGLSample */ = {
			isa = PBXNativeTarget;
			buildConfigurationList = 6A771BBE1999130600A3363B /* Build configuration list for PBXNativeTarget "OpenGLSample" */;
			buildPhases = (
				6A771B881999130600A3363B /* Sources */,
				6A771B891999130600A3363B /* Frameworks */,
				6A771B8A1999130600A3363B /* Resources */,
			);
			buildRules = (
			);
			dependencies = (
			);
			name = OpenGLSample;
			productName = OpenGLSample;
			productReference = 6A771B8C1999130600A3363B /* OpenGLSample.app */;
			productType = "com.apple.product-type.application";
		};
		6A771BAC1999130600A3363B /* OpenGLSampleTests */ = {
			isa = PBXNativeTarget;
			buildConfigurationList = 6A771BC11999130600A3363B /* Build configuration list for PBXNativeTarget "OpenGLSampleTests" */;
			buildPhases = (
				6A771BA91999130600A3363B /* Sources */,
				6A771BAA1999130600A3363B /* Frameworks */,
				6A771BAB1999130600A3363B /* Resources */,
			);
			buildRules = (
			);
			dependencies = (
				6A771BB31999130600A3363B /* PBXTargetDependency */,
			);
			name = OpenGLSampleTests;
			productName = OpenGLSampleTests;
			productReference = 6A771BAD1999130600A3363B /* OpenGLSampleTests.xctest */;
			productType = "com.apple.product-type.bundle.unit-test";
		};
/* End PBXNativeTarget section */

/* Begin PBXProject section */
		6A771B841999130600A3363B /* Project object */ = {
			isa = PBXProject;
			attributes = {
				CLASSPREFIX = JN;
				LastUpgradeCheck = 0510;
				ORGANIZATIONNAME = "___FULLUSERNAME___";
				TargetAttributes = {
					6A771BAC1999130600A3363B = {
						TestTargetID = 6A771B8B1999130600A3363B;
					};
				};
			};
			buildConfigurationList = 6A771B871999130600A3363B /* Build configuration list for PBXProject "OpenGLSample" */;
			compatibilityVersion = "Xcode 3.2";
			developmentRegion = English;
			hasScannedForEncodings = 0;
			knownRegions = (
				en,
				Base,
			);
			mainGroup = 6A771B831999130600A3363B;
			productRefGroup = 6A771B8D1999130600A3363B /* Products */;
			projectDirPath = "";
			projectRoot = "";
			targets = (
				6A771B8B1999130600A3363B /* OpenGLSample */,
				6A771BAC1999130600A3363B /* OpenGLSampleTests */,
			);
		};
/* End PBXProject section */

/* Begin PBXResourcesBuildPhase section */
		6A771B8A1999130600A3363B /* Resources */ = {
			isa = PBXResourcesBuildPhase;
			buildActionMask = 2147483647;
			files = (
				6A771BA81999130600A3363B /* Images.xcassets in Resources */,
				6A771B9A1999130600A3363B /* InfoPlist.strings in Resources */,
				6A771BA31999130600A3363B /* Main.storyboard in Resources */,
			);
			runOnlyForDeploymentPostprocessing = 0;
		};
		6A771BAB1999130600A3363B /* Resources */ = {
			isa = PBXResourcesBuildPhase;
			buildActionMask = 2147483647;
			files = (
				6A771BB91999130600A3363B /* InfoPlist.strings in Resources */,
			);
			runOnlyForDeploymentPostprocessing = 0;
		};
/* End PBXResourcesBuildPhase section */

/* Begin PBXSourcesBuildPhase section */
		6A771B881999130600A3363B /* Sources */ = {
			isa = PBXSourcesBuildPhase;
			buildActionMask = 2147483647;
			files = (
				6A771BC91999138900A3363B /* JNAppDelegate.mm in Sources */,
				6A771BCA1999138900A3363B /* JNViewController.mm in Sources */,
				6A771B9C1999130600A3363B /* main.m in Sources */,
			);
			runOnlyForDeploymentPostprocessing = 0;
		};
		6A771BA91999130600A3363B /* Sources */ = {
			isa = PBXSourcesBuildPhase;
			buildActionMask = 2147483647;
			files = (
				6A771BBB1999130600A3363B /* OpenGLSampleTests.m in Sources */,
			);
			runOnlyForDeploymentPostprocessing = 0;
		};
/* End PBXSourcesBuildPhase section */

/* Begin PBXTargetDependency section */
		6A771BB31999130600A3363B /* PBXTargetDependency */ = {
			isa = PBXTargetDependency;
			target = 6A771B8B1999130600A3363B /* OpenGLSample */;
			targetProxy = 6A771BB21999130600A3363B /* PBXContainerItemProxy */;
		};
/* End PBXTargetDependency section */

/* Begin PBXVariantGroup section */
		6A771B981999130600A3363B /* InfoPlist.strings */ = {
			isa = PBXVariantGroup;
			children = (
				6A771B991999130600A3363B /* en */,
			);
			name = InfoPlist.strings;
			sourceTree = "<group>";
		};
		6A771BA11999130600A3363B /* Main.storyboard */ = {
			isa = PBXVariantGroup;
			children = (
				6A771BA21999130600A3363B /* Base */,
			);
			name = Main.storyboard;
			sourceTree = "<group>";
		};
		6A771BB71999130600A3363B /* InfoPlist.strings */ = {
			isa = PBXVariantGroup;
			children = (
				6A771BB81999130600A3363B /* en */,
			);
			name = InfoPlist.strings;
			sourceTree = "<group>";
		};
/* End PBXVariantGroup section */

/* Begin XCBuildConfiguration section */
		6A771BBC1999130600A3363B /* Debug */ = {
			isa = XCBuildConfiguration;
			buildSettings = {
				ALWAYS_SEARCH_USER_PATHS = NO;
				CLANG_CXX_LANGUAGE_STANDARD = "gnu++0x";
				CLANG_CXX_LIBRARY = "libc++";
				CLANG_ENABLE_MODULES = YES;
				CLANG_ENABLE_OBJC_ARC = YES;
				CLANG_WARN_BOOL_CONVERSION = YES;
				CLANG_WARN_CONSTANT_CONVERSION = YES;
				CLANG_WARN_DIRECT_OBJC_ISA_USAGE = YES_ERROR;
				CLANG_WARN_EMPTY_BODY = YES;
				CLANG_WARN_ENUM_CONVERSION = YES;
				CLANG_WARN_INT_CONVERSION = YES;
				CLANG_WARN_OBJC_ROOT_CLASS = YES_ERROR;
				CLANG_WARN__DUPLICATE_METHOD_MATCH = YES;
				"CODE_SIGN_IDENTITY[sdk=iphoneos*]" = "iPhone Developer";
				COPY_PHASE_STRIP = NO;
				GCC_C_LANGUAGE_STANDARD = gnu99;
				GCC_DYNAMIC_NO_PIC = NO;
				GCC_OPTIMIZATION_LEVEL = 0;
				GCC_PREPROCESSOR_DEFINITIONS = (
					"DEBUG=1",
					"$(inherited)",
				);
				GCC_SYMBOLS_PRIVATE_EXTERN = NO;
				GCC_WARN_64_TO_32_BIT_CONVERSION = YES;
				GCC_WARN_ABOUT_RETURN_TYPE = YES_ERROR;
				GCC_WARN_UNDECLARED_SELECTOR = YES;
				GCC_WARN_UNINITIALIZED_AUTOS = YES_AGGRESSIVE;
				GCC_WARN_UNUSED_FUNCTION = YES;
				GCC_WARN_UNUSED_VARIABLE = YES;
				IPHONEOS_DEPLOYMENT_TARGET = 7.1;
				ONLY_ACTIVE_ARCH = YES;
				SDKROOT = iphoneos;
			};
			name = Debug;
		};
		6A771BBD1999130600A3363B /* Release */ = {
			isa = XCBuildConfiguration;
			buildSettings = {
				ALWAYS_SEARCH_USER_PATHS = NO;
				CLANG_CXX_LANGUAGE_STANDARD = "gnu++0x";
				CLANG_CXX_LIBRARY = "libc++";
				CLANG_ENABLE_MODULES = YES;
				CLANG_ENABLE_OBJC_ARC = YES;
				CLANG_WARN_BOOL_CONVERSION = YES;
				CLANG_WARN_CONSTANT_CONVERSION = YES;
				CLANG_WARN_DIRECT_OBJC_ISA_USAGE = YES_ERROR;
				CLANG_WARN_EMPTY_BODY = YES;
				CLANG_WARN_ENUM_CONVERSION = YES;
				CLANG_WARN_INT_CONVERSION = YES;
				CLANG_WARN_OBJC_ROOT_CLASS = YES_ERROR;
				CLANG_WARN__DUPLICATE_METHOD_MATCH = YES;
				"CODE_SIGN_IDENTITY[sdk=iphoneos*]" = "iPhone Developer";
				COPY_PHASE_STRIP = YES;
				ENABLE_NS_ASSERTIONS = NO;
				GCC_C_LANGUAGE_STANDARD = gnu99;
				GCC_WARN_64_TO_32_BIT_CONVERSION = YES;
				GCC_WARN_ABOUT_RETURN_TYPE = YES_ERROR;
				GCC_WARN_UNDECLARED_SELECTOR = YES;
				GCC_WARN_UNINITIALIZED_AUTOS = YES_AGGRESSIVE;
				GCC_WARN_UNUSED_FUNCTION = YES;
				GCC_WARN_UNUSED_VARIABLE = YES;
				IPHONEOS_DEPLOYMENT_TARGET = 7.1;
				SDKROOT = iphoneos;
				VALIDATE_PRODUCT = YES;
			};
			name = Release;
		};
		6A771BBF1999130600A3363B /* Debug */ = {
			isa = XCBuildConfiguration;
			buildSettings = {
				ASSETCATALOG_COMPILER_APPICON_NAME = AppIcon;
				ASSETCATALOG_COMPILER_LAUNCHIMAGE_NAME = LaunchImage;
				GCC_PRECOMPILE_PREFIX_HEADER = YES;
				GCC_PREFIX_HEADER = "OpenGLSample/OpenGLSample-Prefix.pch";
				INFOPLIST_FILE = "OpenGLSample/OpenGLSample-Info.plist";
				PRODUCT_NAME = "$(TARGET_NAME)";
				WRAPPER_EXTENSION = app;
			};
			name = Debug;
		};
		6A771BC01999130600A3363B /* Release */ = {
			isa = XCBuildConfiguration;
			buildSettings = {
				ASSETCATALOG_COMPILER_APPICON_NAME = AppIcon;
				ASSETCATALOG_COMPILER_LAUNCHIMAGE_NAME = LaunchImage;
				GCC_PRECOMPILE_PREFIX_HEADER = YES;
				GCC_PREFIX_HEADER = "OpenGLSample/OpenGLSample-Prefix.pch";
				INFOPLIST_FILE = "OpenGLSample/OpenGLSample-Info.plist";
				PRODUCT_NAME = "$(TARGET_NAME)";
				WRAPPER_EXTENSION = app;
			};
			name = Release;
		};
		6A771BC21999130600A3363B /* Debug */ = {
			isa = XCBuildConfiguration;
			buildSettings = {
				BUNDLE_LOADER = "$(BUILT_PRODUCTS_DIR)/OpenGLSample.app/OpenGLSample";
				FRAMEWORK_SEARCH_PATHS = (
					"$(SDKROOT)/Developer/Library/Frameworks",
					"$(inherited)",
					"$(DEVELOPER_FRAMEWORKS_DIR)",
				);
				GCC_PRECOMPILE_PREFIX_HEADER = YES;
				GCC_PREFIX_HEADER = "OpenGLSample/OpenGLSample-Prefix.pch";
				GCC_PREPROCESSOR_DEFINITIONS = (
					"DEBUG=1",
					"$(inherited)",
				);
				INFOPLIST_FILE = "OpenGLSampleTests/OpenGLSampleTests-Info.plist";
				PRODUCT_NAME = "$(TARGET_NAME)";
				TEST_HOST = "$(BUNDLE_LOADER)";
				WRAPPER_EXTENSION = xctest;
			};
			name = Debug;
		};
		6A771BC31999130600A3363B /* Release */ = {
			isa = XCBuildConfiguration;
			buildSettings = {
				BUNDLE_LOADER = "$(BUILT_PRODUCTS_DIR)/OpenGLSample.app/OpenGLSample";
				FRAMEWORK_SEARCH_PATHS = (
					"$(SDKROOT)/Developer/Library/Frameworks",
					"$(inherited)",
					"$(DEVELOPER_FRAMEWORKS_DIR)",
				);
				GCC_PRECOMPILE_PREFIX_HEADER = YES;
				GCC_PREFIX_HEADER = "OpenGLSample/OpenGLSample-Prefix.pch";
				INFOPLIST_FILE = "OpenGLSampleTests/OpenGLSampleTests-Info.plist";
				PRODUCT_NAME = "$(TARGET_NAME)";
				TEST_HOST = "$(BUNDLE_LOADER)";
				WRAPPER_EXTENSION = xctest;
			};
			name = Release;
		};
/* End XCBuildConfiguration section */

/* Begin XCConfigurationList section */
		6A771B871999130600A3363B /* Build configuration list for PBXProject "OpenGLSample" */ = {
			isa = XCConfigurationList;
			buildConfigurations = (
				6A771BBC1999130600A3363B /* Debug */,
				6A771BBD1999130600A3363B /* Release */,
			);
			defaultConfigurationIsVisible = 0;
			defaultConfigurationName = Release;
		};
		6A771BBE1999130600A3363B /* Build configuration list for PBXNativeTarget "OpenGLSample" */ = {
			isa = XCConfigurationList;
			buildConfigurations = (
				6A771BBF1999130600A3363B /* Debug */,
				6A771BC01999130600A3363B /* Release */,
			);
			defaultConfigurationIsVisible = 0;
		};
		6A771BC11999130600A3363B /* Build configuration list for PBXNativeTarget "OpenGLSampleTests" */ = {
			isa = XCConfigurationList;
			buildConfigurations = (
				6A771BC21999130600A3363B /* Debug */,
				6A771BC31999130600A3363B /* Release */,
			);
			defaultConfigurationIsVisible = 0;
		};
/* End XCConfigurationList section */
	};
	rootObject = 6A771B841999130600A3363B /* Project object */;
}
