// !$*UTF8*$!
{
	archiveVersion = 1;
	classes = {
	};
	objectVersion = 46;
	objects = {

/* Begin PBXBuildFile section */
		6A05A75219966609002DF516 /* Foundation.framework in Frameworks */ = {isa = PBXBuildFile; fileRef = 6A05A75119966609002DF516 /* Foundation.framework */; };
		6A05A75419966609002DF516 /* CoreGraphics.framework in Frameworks */ = {isa = PBXBuildFile; fileRef = 6A05A75319966609002DF516 /* CoreGraphics.framework */; };
		6A05A75619966609002DF516 /* UIKit.framework in Frameworks */ = {isa = PBXBuildFile; fileRef = 6A05A75519966609002DF516 /* UIKit.framework */; };
		6A05A75C19966609002DF516 /* InfoPlist.strings in Resources */ = {isa = PBXBuildFile; fileRef = 6A05A75A19966609002DF516 /* InfoPlist.strings */; };
		6A05A76519966609002DF516 /* Main.storyboard in Resources */ = {isa = PBXBuildFile; fileRef = 6A05A76319966609002DF516 /* Main.storyboard */; };
		6A05A76A19966609002DF516 /* Images.xcassets in Resources */ = {isa = PBXBuildFile; fileRef = 6A05A76919966609002DF516 /* Images.xcassets */; };
		6A05A77119966609002DF516 /* XCTest.framework in Frameworks */ = {isa = PBXBuildFile; fileRef = 6A05A77019966609002DF516 /* XCTest.framework */; };
		6A05A77219966609002DF516 /* Foundation.framework in Frameworks */ = {isa = PBXBuildFile; fileRef = 6A05A75119966609002DF516 /* Foundation.framework */; };
		6A05A77319966609002DF516 /* UIKit.framework in Frameworks */ = {isa = PBXBuildFile; fileRef = 6A05A75519966609002DF516 /* UIKit.framework */; };
		6A05A77B19966609002DF516 /* InfoPlist.strings in Resources */ = {isa = PBXBuildFile; fileRef = 6A05A77919966609002DF516 /* InfoPlist.strings */; };
		6A05A77D19966609002DF516 /* BalloonTests.mm in Sources */ = {isa = PBXBuildFile; fileRef = 6A05A77C19966609002DF516 /* BalloonTests.mm */; };
		6A05A78C199666A0002DF516 /* JNAppDelegate.mm in Sources */ = {isa = PBXBuildFile; fileRef = 6A05A788199666A0002DF516 /* JNAppDelegate.mm */; };
		6A05A78D199666A0002DF516 /* JNViewController.mm in Sources */ = {isa = PBXBuildFile; fileRef = 6A05A78A199666A0002DF516 /* JNViewController.mm */; };
		6A05A790199666CF002DF516 /* main.m in Sources */ = {isa = PBXBuildFile; fileRef = 6A05A78F199666CF002DF516 /* main.m */; };
		6A05A79419967258002DF516 /* JNBalloonView.mm in Sources */ = {isa = PBXBuildFile; fileRef = 6A05A79319967258002DF516 /* JNBalloonView.mm */; };
/* End PBXBuildFile section */

/* Begin PBXContainerItemProxy section */
		6A05A77419966609002DF516 /* PBXContainerItemProxy */ = {
			isa = PBXContainerItemProxy;
			containerPortal = 6A05A74619966609002DF516 /* Project object */;
			proxyType = 1;
			remoteGlobalIDString = 6A05A74D19966609002DF516;
			remoteInfo = Balloon;
		};
/* End PBXContainerItemProxy section */

/* Begin PBXFileReference section */
		6A05A74E19966609002DF516 /* Balloon.app */ = {isa = PBXFileReference; explicitFileType = wrapper.application; includeInIndex = 0; path = Balloon.app; sourceTree = BUILT_PRODUCTS_DIR; };
		6A05A75119966609002DF516 /* Foundation.framework */ = {isa = PBXFileReference; lastKnownFileType = wrapper.framework; name = Foundation.framework; path = System/Library/Frameworks/Foundation.framework; sourceTree = SDKROOT; };
		6A05A75319966609002DF516 /* CoreGraphics.framework */ = {isa = PBXFileReference; lastKnownFileType = wrapper.framework; name = CoreGraphics.framework; path = System/Library/Frameworks/CoreGraphics.framework; sourceTree = SDKROOT; };
		6A05A75519966609002DF516 /* UIKit.framework */ = {isa = PBXFileReference; lastKnownFileType = wrapper.framework; name = UIKit.framework; path = System/Library/Frameworks/UIKit.framework; sourceTree = SDKROOT; };
		6A05A75919966609002DF516 /* Balloon-Info.plist */ = {isa = PBXFileReference; lastKnownFileType = text.plist.xml; path = "Balloon-Info.plist"; sourceTree = "<group>"; };
		6A05A75B19966609002DF516 /* en */ = {isa = PBXFileReference; lastKnownFileType = text.plist.strings; name = en; path = en.lproj/InfoPlist.strings; sourceTree = "<group>"; };
		6A05A75F19966609002DF516 /* Balloon-Prefix.pch */ = {isa = PBXFileReference; lastKnownFileType = sourcecode.c.h; path = "Balloon-Prefix.pch"; sourceTree = "<group>"; };
		6A05A76419966609002DF516 /* Base */ = {isa = PBXFileReference; lastKnownFileType = file.storyboard; name = Base; path = Base.lproj/Main.storyboard; sourceTree = "<group>"; };
		6A05A76919966609002DF516 /* Images.xcassets */ = {isa = PBXFileReference; lastKnownFileType = folder.assetcatalog; path = Images.xcassets; sourceTree = "<group>"; };
		6A05A76F19966609002DF516 /* BalloonTests.xctest */ = {isa = PBXFileReference; explicitFileType = wrapper.cfbundle; includeInIndex = 0; path = BalloonTests.xctest; sourceTree = BUILT_PRODUCTS_DIR; };
		6A05A77019966609002DF516 /* XCTest.framework */ = {isa = PBXFileReference; lastKnownFileType = wrapper.framework; name = XCTest.framework; path = Library/Frameworks/XCTest.framework; sourceTree = DEVELOPER_DIR; };
		6A05A77819966609002DF516 /* BalloonTests-Info.plist */ = {isa = PBXFileReference; lastKnownFileType = text.plist.xml; path = "BalloonTests-Info.plist"; sourceTree = "<group>"; };
		6A05A77A19966609002DF516 /* en */ = {isa = PBXFileReference; lastKnownFileType = text.plist.strings; name = en; path = en.lproj/InfoPlist.strings; sourceTree = "<group>"; };
		6A05A77C19966609002DF516 /* BalloonTests.mm */ = {isa = PBXFileReference; lastKnownFileType = sourcecode.cpp.objcpp; path = BalloonTests.mm; sourceTree = "<group>"; };
		6A05A787199666A0002DF516 /* JNAppDelegate.h */ = {isa = PBXFileReference; fileEncoding = 4; lastKnownFileType = sourcecode.c.h; name = JNAppDelegate.h; path = modules/JNAppDelegate.h; sourceTree = SOURCE_ROOT; };
		6A05A788199666A0002DF516 /* JNAppDelegate.mm */ = {isa = PBXFileReference; fileEncoding = 4; lastKnownFileType = sourcecode.cpp.objcpp; name = JNAppDelegate.mm; path = modules/JNAppDelegate.mm; sourceTree = SOURCE_ROOT; };
		6A05A789199666A0002DF516 /* JNViewController.h */ = {isa = PBXFileReference; fileEncoding = 4; lastKnownFileType = sourcecode.c.h; name = JNViewController.h; path = modules/JNViewController.h; sourceTree = SOURCE_ROOT; };
		6A05A78A199666A0002DF516 /* JNViewController.mm */ = {isa = PBXFileReference; fileEncoding = 4; lastKnownFileType = sourcecode.cpp.objcpp; name = JNViewController.mm; path = modules/JNViewController.mm; sourceTree = SOURCE_ROOT; };
		6A05A78F199666CF002DF516 /* main.m */ = {isa = PBXFileReference; fileEncoding = 4; lastKnownFileType = sourcecode.c.objc; path = main.m; sourceTree = "<group>"; };
		6A05A79219967258002DF516 /* JNBalloonView.h */ = {isa = PBXFileReference; fileEncoding = 4; lastKnownFileType = sourcecode.c.h; name = JNBalloonView.h; path = modules/JNBalloonView.h; sourceTree = SOURCE_ROOT; };
		6A05A79319967258002DF516 /* JNBalloonView.mm */ = {isa = PBXFileReference; fileEncoding = 4; lastKnownFileType = sourcecode.cpp.objcpp; name = JNBalloonView.mm; path = modules/JNBalloonView.mm; sourceTree = SOURCE_ROOT; };
/* End PBXFileReference section */

/* Begin PBXFrameworksBuildPhase section */
		6A05A74B19966609002DF516 /* Frameworks */ = {
			isa = PBXFrameworksBuildPhase;
			buildActionMask = 2147483647;
			files = (
				6A05A75419966609002DF516 /* CoreGraphics.framework in Frameworks */,
				6A05A75619966609002DF516 /* UIKit.framework in Frameworks */,
				6A05A75219966609002DF516 /* Foundation.framework in Frameworks */,
			);
			runOnlyForDeploymentPostprocessing = 0;
		};
		6A05A76C19966609002DF516 /* Frameworks */ = {
			isa = PBXFrameworksBuildPhase;
			buildActionMask = 2147483647;
			files = (
				6A05A77119966609002DF516 /* XCTest.framework in Frameworks */,
				6A05A77319966609002DF516 /* UIKit.framework in Frameworks */,
				6A05A77219966609002DF516 /* Foundation.framework in Frameworks */,
			);
			runOnlyForDeploymentPostprocessing = 0;
		};
/* End PBXFrameworksBuildPhase section */

/* Begin PBXGroup section */
		6A05A74519966609002DF516 = {
			isa = PBXGroup;
			children = (
				6A05A75719966609002DF516 /* Balloon */,
				6A05A77619966609002DF516 /* BalloonTests */,
				6A05A75019966609002DF516 /* Frameworks */,
				6A05A74F19966609002DF516 /* Products */,
			);
			sourceTree = "<group>";
		};
		6A05A74F19966609002DF516 /* Products */ = {
			isa = PBXGroup;
			children = (
				6A05A74E19966609002DF516 /* Balloon.app */,
				6A05A76F19966609002DF516 /* BalloonTests.xctest */,
			);
			name = Products;
			sourceTree = "<group>";
		};
		6A05A75019966609002DF516 /* Frameworks */ = {
			isa = PBXGroup;
			children = (
				6A05A75119966609002DF516 /* Foundation.framework */,
				6A05A75319966609002DF516 /* CoreGraphics.framework */,
				6A05A75519966609002DF516 /* UIKit.framework */,
				6A05A77019966609002DF516 /* XCTest.framework */,
			);
			name = Frameworks;
			sourceTree = "<group>";
		};
		6A05A75719966609002DF516 /* Balloon */ = {
			isa = PBXGroup;
			children = (
				6A05A78F199666CF002DF516 /* main.m */,
				6A05A75F19966609002DF516 /* Balloon-Prefix.pch */,
				6A05A78619966683002DF516 /* modules */,
				6A05A7911996672B002DF516 /* resources */,
			);
			path = Balloon;
			sourceTree = "<group>";
		};
		6A05A77619966609002DF516 /* BalloonTests */ = {
			isa = PBXGroup;
			children = (
				6A05A77C19966609002DF516 /* BalloonTests.mm */,
				6A05A77719966609002DF516 /* Supporting Files */,
			);
			path = BalloonTests;
			sourceTree = SOURCE_ROOT;
		};
		6A05A77719966609002DF516 /* Supporting Files */ = {
			isa = PBXGroup;
			children = (
				6A05A77819966609002DF516 /* BalloonTests-Info.plist */,
				6A05A77919966609002DF516 /* InfoPlist.strings */,
			);
			name = "Supporting Files";
			sourceTree = "<group>";
		};
		6A05A78619966683002DF516 /* modules */ = {
			isa = PBXGroup;
			children = (
				6A05A787199666A0002DF516 /* JNAppDelegate.h */,
				6A05A788199666A0002DF516 /* JNAppDelegate.mm */,
				6A05A789199666A0002DF516 /* JNViewController.h */,
				6A05A78A199666A0002DF516 /* JNViewController.mm */,
				6A05A79219967258002DF516 /* JNBalloonView.h */,
				6A05A79319967258002DF516 /* JNBalloonView.mm */,
			);
			name = modules;
			sourceTree = "<group>";
		};
		6A05A7911996672B002DF516 /* resources */ = {
			isa = PBXGroup;
			children = (
				6A05A76319966609002DF516 /* Main.storyboard */,
				6A05A76919966609002DF516 /* Images.xcassets */,
				6A05A75919966609002DF516 /* Balloon-Info.plist */,
				6A05A75A19966609002DF516 /* InfoPlist.strings */,
			);
			name = resources;
			sourceTree = "<group>";
		};
/* End PBXGroup section */

/* Begin PBXNativeTarget section */
		6A05A74D19966609002DF516 /* Balloon */ = {
			isa = PBXNativeTarget;
			buildConfigurationList = 6A05A78019966609002DF516 /* Build configuration list for PBXNativeTarget "Balloon" */;
			buildPhases = (
				6A05A74A19966609002DF516 /* Sources */,
				6A05A74B19966609002DF516 /* Frameworks */,
				6A05A74C19966609002DF516 /* Resources */,
			);
			buildRules = (
			);
			dependencies = (
			);
			name = Balloon;
			productName = Balloon;
			productReference = 6A05A74E19966609002DF516 /* Balloon.app */;
			productType = "com.apple.product-type.application";
		};
		6A05A76E19966609002DF516 /* BalloonTests */ = {
			isa = PBXNativeTarget;
			buildConfigurationList = 6A05A78319966609002DF516 /* Build configuration list for PBXNativeTarget "BalloonTests" */;
			buildPhases = (
				6A05A76B19966609002DF516 /* Sources */,
				6A05A76C19966609002DF516 /* Frameworks */,
				6A05A76D19966609002DF516 /* Resources */,
			);
			buildRules = (
			);
			dependencies = (
				6A05A77519966609002DF516 /* PBXTargetDependency */,
			);
			name = BalloonTests;
			productName = BalloonTests;
			productReference = 6A05A76F19966609002DF516 /* BalloonTests.xctest */;
			productType = "com.apple.product-type.bundle.unit-test";
		};
/* End PBXNativeTarget section */

/* Begin PBXProject section */
		6A05A74619966609002DF516 /* Project object */ = {
			isa = PBXProject;
			attributes = {
				CLASSPREFIX = JN;
				LastUpgradeCheck = 0510;
				ORGANIZATIONNAME = "地主 龍一";
				TargetAttributes = {
					6A05A76E19966609002DF516 = {
						TestTargetID = 6A05A74D19966609002DF516;
					};
				};
			};
			buildConfigurationList = 6A05A74919966609002DF516 /* Build configuration list for PBXProject "Balloon" */;
			compatibilityVersion = "Xcode 3.2";
			developmentRegion = English;
			hasScannedForEncodings = 0;
			knownRegions = (
				en,
				Base,
			);
			mainGroup = 6A05A74519966609002DF516;
			productRefGroup = 6A05A74F19966609002DF516 /* Products */;
			projectDirPath = "";
			projectRoot = "";
			targets = (
				6A05A74D19966609002DF516 /* Balloon */,
				6A05A76E19966609002DF516 /* BalloonTests */,
			);
		};
/* End PBXProject section */

/* Begin PBXResourcesBuildPhase section */
		6A05A74C19966609002DF516 /* Resources */ = {
			isa = PBXResourcesBuildPhase;
			buildActionMask = 2147483647;
			files = (
				6A05A76A19966609002DF516 /* Images.xcassets in Resources */,
				6A05A75C19966609002DF516 /* InfoPlist.strings in Resources */,
				6A05A76519966609002DF516 /* Main.storyboard in Resources */,
			);
			runOnlyForDeploymentPostprocessing = 0;
		};
		6A05A76D19966609002DF516 /* Resources */ = {
			isa = PBXResourcesBuildPhase;
			buildActionMask = 2147483647;
			files = (
				6A05A77B19966609002DF516 /* InfoPlist.strings in Resources */,
			);
			runOnlyForDeploymentPostprocessing = 0;
		};
/* End PBXResourcesBuildPhase section */

/* Begin PBXSourcesBuildPhase section */
		6A05A74A19966609002DF516 /* Sources */ = {
			isa = PBXSourcesBuildPhase;
			buildActionMask = 2147483647;
			files = (
				6A05A78D199666A0002DF516 /* JNViewController.mm in Sources */,
				6A05A790199666CF002DF516 /* main.m in Sources */,
				6A05A79419967258002DF516 /* JNBalloonView.mm in Sources */,
				6A05A78C199666A0002DF516 /* JNAppDelegate.mm in Sources */,
			);
			runOnlyForDeploymentPostprocessing = 0;
		};
		6A05A76B19966609002DF516 /* Sources */ = {
			isa = PBXSourcesBuildPhase;
			buildActionMask = 2147483647;
			files = (
				6A05A77D19966609002DF516 /* BalloonTests.mm in Sources */,
			);
			runOnlyForDeploymentPostprocessing = 0;
		};
/* End PBXSourcesBuildPhase section */

/* Begin PBXTargetDependency section */
		6A05A77519966609002DF516 /* PBXTargetDependency */ = {
			isa = PBXTargetDependency;
			target = 6A05A74D19966609002DF516 /* Balloon */;
			targetProxy = 6A05A77419966609002DF516 /* PBXContainerItemProxy */;
		};
/* End PBXTargetDependency section */

/* Begin PBXVariantGroup section */
		6A05A75A19966609002DF516 /* InfoPlist.strings */ = {
			isa = PBXVariantGroup;
			children = (
				6A05A75B19966609002DF516 /* en */,
			);
			name = InfoPlist.strings;
			sourceTree = "<group>";
		};
		6A05A76319966609002DF516 /* Main.storyboard */ = {
			isa = PBXVariantGroup;
			children = (
				6A05A76419966609002DF516 /* Base */,
			);
			name = Main.storyboard;
			sourceTree = "<group>";
		};
		6A05A77919966609002DF516 /* InfoPlist.strings */ = {
			isa = PBXVariantGroup;
			children = (
				6A05A77A19966609002DF516 /* en */,
			);
			name = InfoPlist.strings;
			sourceTree = "<group>";
		};
/* End PBXVariantGroup section */

/* Begin XCBuildConfiguration section */
		6A05A77E19966609002DF516 /* Debug */ = {
			isa = XCBuildConfiguration;
			buildSettings = {
				ALWAYS_SEARCH_USER_PATHS = NO;
				CLANG_CXX_LANGUAGE_STANDARD = "gnu++0x";
				CLANG_CXX_LIBRARY = "libc++";
				CLANG_ENABLE_MODULES = YES;
				CLANG_ENABLE_OBJC_ARC = YES;
				CLANG_WARN_BOOL_CONVERSION = YES;
				CLANG_WARN_CONSTANT_CONVERSION = YES;
				CLANG_WARN_DIRECT_OBJC_ISA_USAGE = YES_ERROR;
				CLANG_WARN_EMPTY_BODY = YES;
				CLANG_WARN_ENUM_CONVERSION = YES;
				CLANG_WARN_INT_CONVERSION = YES;
				CLANG_WARN_OBJC_ROOT_CLASS = YES_ERROR;
				CLANG_WARN__DUPLICATE_METHOD_MATCH = YES;
				"CODE_SIGN_IDENTITY[sdk=iphoneos*]" = "iPhone Developer";
				COPY_PHASE_STRIP = NO;
				GCC_C_LANGUAGE_STANDARD = gnu99;
				GCC_DYNAMIC_NO_PIC = NO;
				GCC_OPTIMIZATION_LEVEL = 0;
				GCC_PREPROCESSOR_DEFINITIONS = (
					"DEBUG=1",
					"$(inherited)",
				);
				GCC_SYMBOLS_PRIVATE_EXTERN = NO;
				GCC_WARN_64_TO_32_BIT_CONVERSION = YES;
				GCC_WARN_ABOUT_RETURN_TYPE = YES_ERROR;
				GCC_WARN_UNDECLARED_SELECTOR = YES;
				GCC_WARN_UNINITIALIZED_AUTOS = YES_AGGRESSIVE;
				GCC_WARN_UNUSED_FUNCTION = YES;
				GCC_WARN_UNUSED_VARIABLE = YES;
				IPHONEOS_DEPLOYMENT_TARGET = 7.1;
				ONLY_ACTIVE_ARCH = YES;
				SDKROOT = iphoneos;
			};
			name = Debug;
		};
		6A05A77F19966609002DF516 /* Release */ = {
			isa = XCBuildConfiguration;
			buildSettings = {
				ALWAYS_SEARCH_USER_PATHS = NO;
				CLANG_CXX_LANGUAGE_STANDARD = "gnu++0x";
				CLANG_CXX_LIBRARY = "libc++";
				CLANG_ENABLE_MODULES = YES;
				CLANG_ENABLE_OBJC_ARC = YES;
				CLANG_WARN_BOOL_CONVERSION = YES;
				CLANG_WARN_CONSTANT_CONVERSION = YES;
				CLANG_WARN_DIRECT_OBJC_ISA_USAGE = YES_ERROR;
				CLANG_WARN_EMPTY_BODY = YES;
				CLANG_WARN_ENUM_CONVERSION = YES;
				CLANG_WARN_INT_CONVERSION = YES;
				CLANG_WARN_OBJC_ROOT_CLASS = YES_ERROR;
				CLANG_WARN__DUPLICATE_METHOD_MATCH = YES;
				"CODE_SIGN_IDENTITY[sdk=iphoneos*]" = "iPhone Developer";
				COPY_PHASE_STRIP = YES;
				ENABLE_NS_ASSERTIONS = NO;
				GCC_C_LANGUAGE_STANDARD = gnu99;
				GCC_WARN_64_TO_32_BIT_CONVERSION = YES;
				GCC_WARN_ABOUT_RETURN_TYPE = YES_ERROR;
				GCC_WARN_UNDECLARED_SELECTOR = YES;
				GCC_WARN_UNINITIALIZED_AUTOS = YES_AGGRESSIVE;
				GCC_WARN_UNUSED_FUNCTION = YES;
				GCC_WARN_UNUSED_VARIABLE = YES;
				IPHONEOS_DEPLOYMENT_TARGET = 7.1;
				SDKROOT = iphoneos;
				VALIDATE_PRODUCT = YES;
			};
			name = Release;
		};
		6A05A78119966609002DF516 /* Debug */ = {
			isa = XCBuildConfiguration;
			buildSettings = {
				ASSETCATALOG_COMPILER_APPICON_NAME = AppIcon;
				ASSETCATALOG_COMPILER_LAUNCHIMAGE_NAME = LaunchImage;
				GCC_PRECOMPILE_PREFIX_HEADER = YES;
				GCC_PREFIX_HEADER = "Balloon/Balloon-Prefix.pch";
				INFOPLIST_FILE = "Balloon/Balloon-Info.plist";
				PRODUCT_NAME = "$(TARGET_NAME)";
				WRAPPER_EXTENSION = app;
			};
			name = Debug;
		};
		6A05A78219966609002DF516 /* Release */ = {
			isa = XCBuildConfiguration;
			buildSettings = {
				ASSETCATALOG_COMPILER_APPICON_NAME = AppIcon;
				ASSETCATALOG_COMPILER_LAUNCHIMAGE_NAME = LaunchImage;
				GCC_PRECOMPILE_PREFIX_HEADER = YES;
				GCC_PREFIX_HEADER = "Balloon/Balloon-Prefix.pch";
				INFOPLIST_FILE = "Balloon/Balloon-Info.plist";
				PRODUCT_NAME = "$(TARGET_NAME)";
				WRAPPER_EXTENSION = app;
			};
			name = Release;
		};
		6A05A78419966609002DF516 /* Debug */ = {
			isa = XCBuildConfiguration;
			buildSettings = {
				BUNDLE_LOADER = "$(BUILT_PRODUCTS_DIR)/Balloon.app/Balloon";
				FRAMEWORK_SEARCH_PATHS = (
					"$(SDKROOT)/Developer/Library/Frameworks",
					"$(inherited)",
					"$(DEVELOPER_FRAMEWORKS_DIR)",
				);
				GCC_PRECOMPILE_PREFIX_HEADER = YES;
				GCC_PREFIX_HEADER = "Balloon/Balloon-Prefix.pch";
				GCC_PREPROCESSOR_DEFINITIONS = (
					"DEBUG=1",
					"$(inherited)",
				);
				INFOPLIST_FILE = "BalloonTests/BalloonTests-Info.plist";
				PRODUCT_NAME = "$(TARGET_NAME)";
				TEST_HOST = "$(BUNDLE_LOADER)";
				WRAPPER_EXTENSION = xctest;
			};
			name = Debug;
		};
		6A05A78519966609002DF516 /* Release */ = {
			isa = XCBuildConfiguration;
			buildSettings = {
				BUNDLE_LOADER = "$(BUILT_PRODUCTS_DIR)/Balloon.app/Balloon";
				FRAMEWORK_SEARCH_PATHS = (
					"$(SDKROOT)/Developer/Library/Frameworks",
					"$(inherited)",
					"$(DEVELOPER_FRAMEWORKS_DIR)",
				);
				GCC_PRECOMPILE_PREFIX_HEADER = YES;
				GCC_PREFIX_HEADER = "Balloon/Balloon-Prefix.pch";
				INFOPLIST_FILE = "BalloonTests/BalloonTests-Info.plist";
				PRODUCT_NAME = "$(TARGET_NAME)";
				TEST_HOST = "$(BUNDLE_LOADER)";
				WRAPPER_EXTENSION = xctest;
			};
			name = Release;
		};
/* End XCBuildConfiguration section */

/* Begin XCConfigurationList section */
		6A05A74919966609002DF516 /* Build configuration list for PBXProject "Balloon" */ = {
			isa = XCConfigurationList;
			buildConfigurations = (
				6A05A77E19966609002DF516 /* Debug */,
				6A05A77F19966609002DF516 /* Release */,
			);
			defaultConfigurationIsVisible = 0;
			defaultConfigurationName = Release;
		};
		6A05A78019966609002DF516 /* Build configuration list for PBXNativeTarget "Balloon" */ = {
			isa = XCConfigurationList;
			buildConfigurations = (
				6A05A78119966609002DF516 /* Debug */,
				6A05A78219966609002DF516 /* Release */,
			);
			defaultConfigurationIsVisible = 0;
		};
		6A05A78319966609002DF516 /* Build configuration list for PBXNativeTarget "BalloonTests" */ = {
			isa = XCConfigurationList;
			buildConfigurations = (
				6A05A78419966609002DF516 /* Debug */,
				6A05A78519966609002DF516 /* Release */,
			);
			defaultConfigurationIsVisible = 0;
		};
/* End XCConfigurationList section */
	};
	rootObject = 6A05A74619966609002DF516 /* Project object */;
}
